Microsoft Visual Studio Solution File, Format Version 12.00
# Visual Studio 2012
Project("{FAE04EC0-301F-11D3-BF4B-00C04F79EFBC}") = "my-game", "my-game.csproj", "{31407416-E445-4959-9100-04A6B9D3D67E}"
EndProject
Global
	GlobalSection(SolutionConfigurationPlatforms) = preSolution
	Debug|Any CPU = Debug|Any CPU
	ExportDebug|Any CPU = ExportDebug|Any CPU
	ExportRelease|Any CPU = ExportRelease|Any CPU
	EndGlobalSection
	GlobalSection(ProjectConfigurationPlatforms) = postSolution
		{31407416-E445-4959-9100-04A6B9D3D67E}.Debug|Any CPU.ActiveCfg = Debug|Any CPU
		{31407416-E445-4959-9100-04A6B9D3D67E}.Debug|Any CPU.Build.0 = Debug|Any CPU
		{31407416-E445-4959-9100-04A6B9D3D67E}.ExportDebug|Any CPU.ActiveCfg = ExportDebug|Any CPU
		{31407416-E445-4959-9100-04A6B9D3D67E}.ExportDebug|Any CPU.Build.0 = ExportDebug|Any CPU
		{31407416-E445-4959-9100-04A6B9D3D67E}.ExportRelease|Any CPU.ActiveCfg = ExportRelease|Any CPU
		{31407416-E445-4959-9100-04A6B9D3D67E}.ExportRelease|Any CPU.Build.0 = ExportRelease|Any CPU
	EndGlobalSection
EndGlobal
